
Microsoft Visual Studio Solution File, Format Version 12.00
# Visual Studio Version 17
VisualStudioVersion = 17.3.32929.385
MinimumVisualStudioVersion = 10.0.40219.1
Project("{FAE04EC0-301F-11D3-BF4B-00C04F79EFBC}") = "ExampleProject.Web", "ExampleProject.Web\ExampleProject.Web.csproj", "{82A00231-4127-413E-B260-7BB1A7C0696D}"
EndProject
Project("{FAE04EC0-301F-11D3-BF4B-00C04F79EFBC}") = "ExampleProject.Data", "ExampleProject.Data\ExampleProject.Data.csproj", "{512EB24F-26D1-4F33-855A-25DDE71A0D40}"
EndProject
Project("{FAE04EC0-301F-11D3-BF4B-00C04F79EFBC}") = "ExampleProject.Core", "ExampleProject.Core\ExampleProject.Core.csproj", "{BF8CF8F2-6960-4E27-90FF-0459B6DE731D}"
EndProject
Project("{FAE04EC0-301F-11D3-BF4B-00C04F79EFBC}") = "ExampleProject.Entity", "ExampleProject.Entity\ExampleProject.Entity.csproj", "{7D2E5553-6E90-4AEC-9EBD-615BF20D6317}"
EndProject
Project("{FAE04EC0-301F-11D3-BF4B-00C04F79EFBC}") = "ExampleProject.Service", "ExampleProject.Service\ExampleProject.Service.csproj", "{B769A729-0140-4AA1-ADEB-17B4F1130867}"
EndProject
Global
	GlobalSection(SolutionConfigurationPlatforms) = preSolution
		Debug|Any CPU = Debug|Any CPU
		Release|Any CPU = Release|Any CPU
	EndGlobalSection
	GlobalSection(ProjectConfigurationPlatforms) = postSolution
		{82A00231-4127-413E-B260-7BB1A7C0696D}.Debug|Any CPU.ActiveCfg = Debug|Any CPU
		{82A00231-4127-413E-B260-7BB1A7C0696D}.Debug|Any CPU.Build.0 = Debug|Any CPU
		{82A00231-4127-413E-B260-7BB1A7C0696D}.Release|Any CPU.ActiveCfg = Release|Any CPU
		{82A00231-4127-413E-B260-7BB1A7C0696D}.Release|Any CPU.Build.0 = Release|Any CPU
		{512EB24F-26D1-4F33-855A-25DDE71A0D40}.Debug|Any CPU.ActiveCfg = Debug|Any CPU
		{512EB24F-26D1-4F33-855A-25DDE71A0D40}.Debug|Any CPU.Build.0 = Debug|Any CPU
		{512EB24F-26D1-4F33-855A-25DDE71A0D40}.Release|Any CPU.ActiveCfg = Release|Any CPU
		{512EB24F-26D1-4F33-855A-25DDE71A0D40}.Release|Any CPU.Build.0 = Release|Any CPU
		{BF8CF8F2-6960-4E27-90FF-0459B6DE731D}.Debug|Any CPU.ActiveCfg = Debug|Any CPU
		{BF8CF8F2-6960-4E27-90FF-0459B6DE731D}.Debug|Any CPU.Build.0 = Debug|Any CPU
		{BF8CF8F2-6960-4E27-90FF-0459B6DE731D}.Release|Any CPU.ActiveCfg = Release|Any CPU
		{BF8CF8F2-6960-4E27-90FF-0459B6DE731D}.Release|Any CPU.Build.0 = Release|Any CPU
		{7D2E5553-6E90-4AEC-9EBD-615BF20D6317}.Debug|Any CPU.ActiveCfg = Debug|Any CPU
		{7D2E5553-6E90-4AEC-9EBD-615BF20D6317}.Debug|Any CPU.Build.0 = Debug|Any CPU
		{7D2E5553-6E90-4AEC-9EBD-615BF20D6317}.Release|Any CPU.ActiveCfg = Release|Any CPU
		{7D2E5553-6E90-4AEC-9EBD-615BF20D6317}.Release|Any CPU.Build.0 = Release|Any CPU
		{B769A729-0140-4AA1-ADEB-17B4F1130867}.Debug|Any CPU.ActiveCfg = Debug|Any CPU
		{B769A729-0140-4AA1-ADEB-17B4F1130867}.Debug|Any CPU.Build.0 = Debug|Any CPU
		{B769A729-0140-4AA1-ADEB-17B4F1130867}.Release|Any CPU.ActiveCfg = Release|Any CPU
		{B769A729-0140-4AA1-ADEB-17B4F1130867}.Release|Any CPU.Build.0 = Release|Any CPU
	EndGlobalSection
	GlobalSection(SolutionProperties) = preSolution
		HideSolutionNode = FALSE
	EndGlobalSection
	GlobalSection(ExtensibilityGlobals) = postSolution
		SolutionGuid = {C892EA6C-62B0-4A69-A068-CFCA182EF8C0}
	EndGlobalSection
EndGlobal
